// !$*UTF8*$!
{
	archiveVersion = 1;
	classes = {
	};
	objectVersion = 48;
	objects = {

/* Begin PBXBuildFile section */
		1A41D5CC2054716200A3CD50 /* AppDelegate.swift in Sources */ = {isa = PBXBuildFile; fileRef = 1A41D5CB2054716200A3CD50 /* AppDelegate.swift */; };
		1A41D5CE2054716200A3CD50 /* ViewController.swift in Sources */ = {isa = PBXBuildFile; fileRef = 1A41D5CD2054716200A3CD50 /* ViewController.swift */; };
		1A41D5D12054716200A3CD50 /* Main.storyboard in Resources */ = {isa = PBXBuildFile; fileRef = 1A41D5CF2054716200A3CD50 /* Main.storyboard */; };
		1A41D5D42054716200A3CD50 /* MasteringTableViews.xcdatamodeld in Sources */ = {isa = PBXBuildFile; fileRef = 1A41D5D22054716200A3CD50 /* MasteringTableViews.xcdatamodeld */; };
		1A41D5D62054716200A3CD50 /* Assets.xcassets in Resources */ = {isa = PBXBuildFile; fileRef = 1A41D5D52054716200A3CD50 /* Assets.xcassets */; };
		1A41D5D92054716200A3CD50 /* LaunchScreen.storyboard in Resources */ = {isa = PBXBuildFile; fileRef = 1A41D5D72054716200A3CD50 /* LaunchScreen.storyboard */; };
		1A41D5E42054716200A3CD50 /* MasteringTableViewsTests.swift in Sources */ = {isa = PBXBuildFile; fileRef = 1A41D5E32054716200A3CD50 /* MasteringTableViewsTests.swift */; };
		1A41D5EF2054716200A3CD50 /* MasteringTableViewsUITests.swift in Sources */ = {isa = PBXBuildFile; fileRef = 1A41D5EE2054716200A3CD50 /* MasteringTableViewsUITests.swift */; };
/* End PBXBuildFile section */

/* Begin PBXContainerItemProxy section */
		1A41D5E02054716200A3CD50 /* PBXContainerItemProxy */ = {
			isa = PBXContainerItemProxy;
			containerPortal = 1A41D5C02054716200A3CD50 /* Project object */;
			proxyType = 1;
			remoteGlobalIDString = 1A41D5C72054716200A3CD50;
			remoteInfo = MasteringTableViews;
		};
		1A41D5EB2054716200A3CD50 /* PBXContainerItemProxy */ = {
			isa = PBXContainerItemProxy;
			containerPortal = 1A41D5C02054716200A3CD50 /* Project object */;
			proxyType = 1;
			remoteGlobalIDString = 1A41D5C72054716200A3CD50;
			remoteInfo = MasteringTableViews;
		};
/* End PBXContainerItemProxy section */

/* Begin PBXFileReference section */
		1A41D5C82054716200A3CD50 /* MasteringTableViews.app */ = {isa = PBXFileReference; explicitFileType = wrapper.application; includeInIndex = 0; path = MasteringTableViews.app; sourceTree = BUILT_PRODUCTS_DIR; };
		1A41D5CB2054716200A3CD50 /* AppDelegate.swift */ = {isa = PBXFileReference; lastKnownFileType = sourcecode.swift; path = AppDelegate.swift; sourceTree = "<group>"; };
		1A41D5CD2054716200A3CD50 /* ViewController.swift */ = {isa = PBXFileReference; lastKnownFileType = sourcecode.swift; path = ViewController.swift; sourceTree = "<group>"; };
		1A41D5D02054716200A3CD50 /* Base */ = {isa = PBXFileReference; lastKnownFileType = file.storyboard; name = Base; path = Base.lproj/Main.storyboard; sourceTree = "<group>"; };
		1A41D5D32054716200A3CD50 /* MasteringTableViews.xcdatamodel */ = {isa = PBXFileReference; lastKnownFileType = wrapper.xcdatamodel; path = MasteringTableViews.xcdatamodel; sourceTree = "<group>"; };
		1A41D5D52054716200A3CD50 /* Assets.xcassets */ = {isa = PBXFileReference; lastKnownFileType = folder.assetcatalog; path = Assets.xcassets; sourceTree = "<group>"; };
		1A41D5D82054716200A3CD50 /* Base */ = {isa = PBXFileReference; lastKnownFileType = file.storyboard; name = Base; path = Base.lproj/LaunchScreen.storyboard; sourceTree = "<group>"; };
		1A41D5DA2054716200A3CD50 /* Info.plist */ = {isa = PBXFileReference; lastKnownFileType = text.plist.xml; path = Info.plist; sourceTree = "<group>"; };
		1A41D5DF2054716200A3CD50 /* MasteringTableViewsTests.xctest */ = {isa = PBXFileReference; explicitFileType = wrapper.cfbundle; includeInIndex = 0; path = MasteringTableViewsTests.xctest; sourceTree = BUILT_PRODUCTS_DIR; };
		1A41D5E32054716200A3CD50 /* MasteringTableViewsTests.swift */ = {isa = PBXFileReference; lastKnownFileType = sourcecode.swift; path = MasteringTableViewsTests.swift; sourceTree = "<group>"; };
		1A41D5E52054716200A3CD50 /* Info.plist */ = {isa = PBXFileReference; lastKnownFileType = text.plist.xml; path = Info.plist; sourceTree = "<group>"; };
		1A41D5EA2054716200A3CD50 /* MasteringTableViewsUITests.xctest */ = {isa = PBXFileReference; explicitFileType = wrapper.cfbundle; includeInIndex = 0; path = MasteringTableViewsUITests.xctest; sourceTree = BUILT_PRODUCTS_DIR; };
		1A41D5EE2054716200A3CD50 /* MasteringTableViewsUITests.swift */ = {isa = PBXFileReference; lastKnownFileType = sourcecode.swift; path = MasteringTableViewsUITests.swift; sourceTree = "<group>"; };
		1A41D5F02054716200A3CD50 /* Info.plist */ = {isa = PBXFileReference; lastKnownFileType = text.plist.xml; path = Info.plist; sourceTree = "<group>"; };
/* End PBXFileReference section */

/* Begin PBXFrameworksBuildPhase section */
		1A41D5C52054716200A3CD50 /* Frameworks */ = {
			isa = PBXFrameworksBuildPhase;
			buildActionMask = 2147483647;
			files = (
			);
			runOnlyForDeploymentPostprocessing = 0;
		};
		1A41D5DC2054716200A3CD50 /* Frameworks */ = {
			isa = PBXFrameworksBuildPhase;
			buildActionMask = 2147483647;
			files = (
			);
			runOnlyForDeploymentPostprocessing = 0;
		};
		1A41D5E72054716200A3CD50 /* Frameworks */ = {
			isa = PBXFrameworksBuildPhase;
			buildActionMask = 2147483647;
			files = (
			);
			runOnlyForDeploymentPostprocessing = 0;
		};
/* End PBXFrameworksBuildPhase section */

/* Begin PBXGroup section */
		1A41D5BF2054716200A3CD50 = {
			isa = PBXGroup;
			children = (
				1A41D5CA2054716200A3CD50 /* MasteringTableViews */,
				1A41D5E22054716200A3CD50 /* MasteringTableViewsTests */,
				1A41D5ED2054716200A3CD50 /* MasteringTableViewsUITests */,
				1A41D5C92054716200A3CD50 /* Products */,
			);
			sourceTree = "<group>";
		};
		1A41D5C92054716200A3CD50 /* Products */ = {
			isa = PBXGroup;
			children = (
				1A41D5C82054716200A3CD50 /* MasteringTableViews.app */,
				1A41D5DF2054716200A3CD50 /* MasteringTableViewsTests.xctest */,
				1A41D5EA2054716200A3CD50 /* MasteringTableViewsUITests.xctest */,
			);
			name = Products;
			sourceTree = "<group>";
		};
		1A41D5CA2054716200A3CD50 /* MasteringTableViews */ = {
			isa = PBXGroup;
			children = (
				1A41D5CB2054716200A3CD50 /* AppDelegate.swift */,
				1A41D5CD2054716200A3CD50 /* ViewController.swift */,
				1A41D5CF2054716200A3CD50 /* Main.storyboard */,
				1A41D5D52054716200A3CD50 /* Assets.xcassets */,
				1A41D5D72054716200A3CD50 /* LaunchScreen.storyboard */,
				1A41D5DA2054716200A3CD50 /* Info.plist */,
				1A41D5D22054716200A3CD50 /* MasteringTableViews.xcdatamodeld */,
			);
			path = MasteringTableViews;
			sourceTree = "<group>";
		};
		1A41D5E22054716200A3CD50 /* MasteringTableViewsTests */ = {
			isa = PBXGroup;
			children = (
				1A41D5E32054716200A3CD50 /* MasteringTableViewsTests.swift */,
				1A41D5E52054716200A3CD50 /* Info.plist */,
			);
			path = MasteringTableViewsTests;
			sourceTree = "<group>";
		};
		1A41D5ED2054716200A3CD50 /* MasteringTableViewsUITests */ = {
			isa = PBXGroup;
			children = (
				1A41D5EE2054716200A3CD50 /* MasteringTableViewsUITests.swift */,
				1A41D5F02054716200A3CD50 /* Info.plist */,
			);
			path = MasteringTableViewsUITests;
			sourceTree = "<group>";
		};
/* End PBXGroup section */

/* Begin PBXNativeTarget section */
		1A41D5C72054716200A3CD50 /* MasteringTableViews */ = {
			isa = PBXNativeTarget;
			buildConfigurationList = 1A41D5F32054716200A3CD50 /* Build configuration list for PBXNativeTarget "MasteringTableViews" */;
			buildPhases = (
				1A41D5C42054716200A3CD50 /* Sources */,
				1A41D5C52054716200A3CD50 /* Frameworks */,
				1A41D5C62054716200A3CD50 /* Resources */,
			);
			buildRules = (
			);
			dependencies = (
			);
			name = MasteringTableViews;
			productName = MasteringTableViews;
			productReference = 1A41D5C82054716200A3CD50 /* MasteringTableViews.app */;
			productType = "com.apple.product-type.application";
		};
		1A41D5DE2054716200A3CD50 /* MasteringTableViewsTests */ = {
			isa = PBXNativeTarget;
			buildConfigurationList = 1A41D5F62054716200A3CD50 /* Build configuration list for PBXNativeTarget "MasteringTableViewsTests" */;
			buildPhases = (
				1A41D5DB2054716200A3CD50 /* Sources */,
				1A41D5DC2054716200A3CD50 /* Frameworks */,
				1A41D5DD2054716200A3CD50 /* Resources */,
			);
			buildRules = (
			);
			dependencies = (
				1A41D5E12054716200A3CD50 /* PBXTargetDependency */,
			);
			name = MasteringTableViewsTests;
			productName = MasteringTableViewsTests;
			productReference = 1A41D5DF2054716200A3CD50 /* MasteringTableViewsTests.xctest */;
			productType = "com.apple.product-type.bundle.unit-test";
		};
		1A41D5E92054716200A3CD50 /* MasteringTableViewsUITests */ = {
			isa = PBXNativeTarget;
			buildConfigurationList = 1A41D5F92054716200A3CD50 /* Build configuration list for PBXNativeTarget "MasteringTableViewsUITests" */;
			buildPhases = (
				1A41D5E62054716200A3CD50 /* Sources */,
				1A41D5E72054716200A3CD50 /* Frameworks */,
				1A41D5E82054716200A3CD50 /* Resources */,
			);
			buildRules = (
			);
			dependencies = (
				1A41D5EC2054716200A3CD50 /* PBXTargetDependency */,
			);
			name = MasteringTableViewsUITests;
			productName = MasteringTableViewsUITests;
			productReference = 1A41D5EA2054716200A3CD50 /* MasteringTableViewsUITests.xctest */;
			productType = "com.apple.product-type.bundle.ui-testing";
		};
/* End PBXNativeTarget section */

/* Begin PBXProject section */
		1A41D5C02054716200A3CD50 /* Project object */ = {
			isa = PBXProject;
			attributes = {
				LastSwiftUpdateCheck = 0920;
				LastUpgradeCheck = 0920;
				ORGANIZATIONNAME = "Sadi Ashraful";
				TargetAttributes = {
					1A41D5C72054716200A3CD50 = {
						CreatedOnToolsVersion = 9.2;
						ProvisioningStyle = Automatic;
					};
					1A41D5DE2054716200A3CD50 = {
						CreatedOnToolsVersion = 9.2;
						ProvisioningStyle = Automatic;
						TestTargetID = 1A41D5C72054716200A3CD50;
					};
					1A41D5E92054716200A3CD50 = {
						CreatedOnToolsVersion = 9.2;
						ProvisioningStyle = Automatic;
						TestTargetID = 1A41D5C72054716200A3CD50;
					};
				};
			};
			buildConfigurationList = 1A41D5C32054716200A3CD50 /* Build configuration list for PBXProject "MasteringTableViews" */;
			compatibilityVersion = "Xcode 8.0";
			developmentRegion = en;
			hasScannedForEncodings = 0;
			knownRegions = (
				en,
				Base,
			);
			mainGroup = 1A41D5BF2054716200A3CD50;
			productRefGroup = 1A41D5C92054716200A3CD50 /* Products */;
			projectDirPath = "";
			projectRoot = "";
			targets = (
				1A41D5C72054716200A3CD50 /* MasteringTableViews */,
				1A41D5DE2054716200A3CD50 /* MasteringTableViewsTests */,
				1A41D5E92054716200A3CD50 /* MasteringTableViewsUITests */,
			);
		};
/* End PBXProject section */

/* Begin PBXResourcesBuildPhase section */
		1A41D5C62054716200A3CD50 /* Resources */ = {
			isa = PBXResourcesBuildPhase;
			buildActionMask = 2147483647;
			files = (
				1A41D5D92054716200A3CD50 /* LaunchScreen.storyboard in Resources */,
				1A41D5D62054716200A3CD50 /* Assets.xcassets in Resources */,
				1A41D5D12054716200A3CD50 /* Main.storyboard in Resources */,
			);
			runOnlyForDeploymentPostprocessing = 0;
		};
		1A41D5DD2054716200A3CD50 /* Resources */ = {
			isa = PBXResourcesBuildPhase;
			buildActionMask = 2147483647;
			files = (
			);
			runOnlyForDeploymentPostprocessing = 0;
		};
		1A41D5E82054716200A3CD50 /* Resources */ = {
			isa = PBXResourcesBuildPhase;
			buildActionMask = 2147483647;
			files = (
			);
			runOnlyForDeploymentPostprocessing = 0;
		};
/* End PBXResourcesBuildPhase section */

/* Begin PBXSourcesBuildPhase section */
		1A41D5C42054716200A3CD50 /* Sources */ = {
			isa = PBXSourcesBuildPhase;
			buildActionMask = 2147483647;
			files = (
				1A41D5CE2054716200A3CD50 /* ViewController.swift in Sources */,
				1A41D5CC2054716200A3CD50 /* AppDelegate.swift in Sources */,
				1A41D5D42054716200A3CD50 /* MasteringTableViews.xcdatamodeld in Sources */,
			);
			runOnlyForDeploymentPostprocessing = 0;
		};
		1A41D5DB2054716200A3CD50 /* Sources */ = {
			isa = PBXSourcesBuildPhase;
			buildActionMask = 2147483647;
			files = (
				1A41D5E42054716200A3CD50 /* MasteringTableViewsTests.swift in Sources */,
			);
			runOnlyForDeploymentPostprocessing = 0;
		};
		1A41D5E62054716200A3CD50 /* Sources */ = {
			isa = PBXSourcesBuildPhase;
			buildActionMask = 2147483647;
			files = (
				1A41D5EF2054716200A3CD50 /* MasteringTableViewsUITests.swift in Sources */,
			);
			runOnlyForDeploymentPostprocessing = 0;
		};
/* End PBXSourcesBuildPhase section */

/* Begin PBXTargetDependency section */
		1A41D5E12054716200A3CD50 /* PBXTargetDependency */ = {
			isa = PBXTargetDependency;
			target = 1A41D5C72054716200A3CD50 /* MasteringTableViews */;
			targetProxy = 1A41D5E02054716200A3CD50 /* PBXContainerItemProxy */;
		};
		1A41D5EC2054716200A3CD50 /* PBXTargetDependency */ = {
			isa = PBXTargetDependency;
			target = 1A41D5C72054716200A3CD50 /* MasteringTableViews */;
			targetProxy = 1A41D5EB2054716200A3CD50 /* PBXContainerItemProxy */;
		};
/* End PBXTargetDependency section */

/* Begin PBXVariantGroup section */
		1A41D5CF2054716200A3CD50 /* Main.storyboard */ = {
			isa = PBXVariantGroup;
			children = (
				1A41D5D02054716200A3CD50 /* Base */,
			);
			name = Main.storyboard;
			sourceTree = "<group>";
		};
		1A41D5D72054716200A3CD50 /* LaunchScreen.storyboard */ = {
			isa = PBXVariantGroup;
			children = (
				1A41D5D82054716200A3CD50 /* Base */,
			);
			name = LaunchScreen.storyboard;
			sourceTree = "<group>";
		};
/* End PBXVariantGroup section */

/* Begin XCBuildConfiguration section */
		1A41D5F12054716200A3CD50 /* Debug */ = {
			isa = XCBuildConfiguration;
			buildSettings = {
				ALWAYS_SEARCH_USER_PATHS = NO;
				CLANG_ANALYZER_NONNULL = YES;
				CLANG_ANALYZER_NUMBER_OBJECT_CONVERSION = YES_AGGRESSIVE;
				CLANG_CXX_LANGUAGE_STANDARD = "gnu++14";
				CLANG_CXX_LIBRARY = "libc++";
				CLANG_ENABLE_MODULES = YES;
				CLANG_ENABLE_OBJC_ARC = YES;
				CLANG_WARN_BLOCK_CAPTURE_AUTORELEASING = YES;
				CLANG_WARN_BOOL_CONVERSION = YES;
				CLANG_WARN_COMMA = YES;
				CLANG_WARN_CONSTANT_CONVERSION = YES;
				CLANG_WARN_DIRECT_OBJC_ISA_USAGE = YES_ERROR;
				CLANG_WARN_DOCUMENTATION_COMMENTS = YES;
				CLANG_WARN_EMPTY_BODY = YES;
				CLANG_WARN_ENUM_CONVERSION = YES;
				CLANG_WARN_INFINITE_RECURSION = YES;
				CLANG_WARN_INT_CONVERSION = YES;
				CLANG_WARN_NON_LITERAL_NULL_CONVERSION = YES;
				CLANG_WARN_OBJC_LITERAL_CONVERSION = YES;
				CLANG_WARN_OBJC_ROOT_CLASS = YES_ERROR;
				CLANG_WARN_RANGE_LOOP_ANALYSIS = YES;
				CLANG_WARN_STRICT_PROTOTYPES = YES;
				CLANG_WARN_SUSPICIOUS_MOVE = YES;
				CLANG_WARN_UNGUARDED_AVAILABILITY = YES_AGGRESSIVE;
				CLANG_WARN_UNREACHABLE_CODE = YES;
				CLANG_WARN__DUPLICATE_METHOD_MATCH = YES;
				CODE_SIGN_IDENTITY = "iPhone Developer";
				COPY_PHASE_STRIP = NO;
				DEBUG_INFORMATION_FORMAT = dwarf;
				ENABLE_STRICT_OBJC_MSGSEND = YES;
				ENABLE_TESTABILITY = YES;
				GCC_C_LANGUAGE_STANDARD = gnu11;
				GCC_DYNAMIC_NO_PIC = NO;
				GCC_NO_COMMON_BLOCKS = YES;
				GCC_OPTIMIZATION_LEVEL = 0;
				GCC_PREPROCESSOR_DEFINITIONS = (
					"DEBUG=1",
					"$(inherited)",
				);
				GCC_WARN_64_TO_32_BIT_CONVERSION = YES;
				GCC_WARN_ABOUT_RETURN_TYPE = YES_ERROR;
				GCC_WARN_UNDECLARED_SELECTOR = YES;
				GCC_WARN_UNINITIALIZED_AUTOS = YES_AGGRESSIVE;
				GCC_WARN_UNUSED_FUNCTION = YES;
				GCC_WARN_UNUSED_VARIABLE = YES;
				IPHONEOS_DEPLOYMENT_TARGET = 11.2;
				MTL_ENABLE_DEBUG_INFO = YES;
				ONLY_ACTIVE_ARCH = YES;
				SDKROOT = iphoneos;
				SWIFT_ACTIVE_COMPILATION_CONDITIONS = DEBUG;
				SWIFT_OPTIMIZATION_LEVEL = "-Onone";
			};
			name = Debug;
		};
		1A41D5F22054716200A3CD50 /* Release */ = {
			isa = XCBuildConfiguration;
			buildSettings = {
				ALWAYS_SEARCH_USER_PATHS = NO;
				CLANG_ANALYZER_NONNULL = YES;
				CLANG_ANALYZER_NUMBER_OBJECT_CONVERSION = YES_AGGRESSIVE;
				CLANG_CXX_LANGUAGE_STANDARD = "gnu++14";
				CLANG_CXX_LIBRARY = "libc++";
				CLANG_ENABLE_MODULES = YES;
				CLANG_ENABLE_OBJC_ARC = YES;
				CLANG_WARN_BLOCK_CAPTURE_AUTORELEASING = YES;
				CLANG_WARN_BOOL_CONVERSION = YES;
				CLANG_WARN_COMMA = YES;
				CLANG_WARN_CONSTANT_CONVERSION = YES;
				CLANG_WARN_DIRECT_OBJC_ISA_USAGE = YES_ERROR;
				CLANG_WARN_DOCUMENTATION_COMMENTS = YES;
				CLANG_WARN_EMPTY_BODY = YES;
				CLANG_WARN_ENUM_CONVERSION = YES;
				CLANG_WARN_INFINITE_RECURSION = YES;
				CLANG_WARN_INT_CONVERSION = YES;
				CLANG_WARN_NON_LITERAL_NULL_CONVERSION = YES;
				CLANG_WARN_OBJC_LITERAL_CONVERSION = YES;
				CLANG_WARN_OBJC_ROOT_CLASS = YES_ERROR;
				CLANG_WARN_RANGE_LOOP_ANALYSIS = YES;
				CLANG_WARN_STRICT_PROTOTYPES = YES;
				CLANG_WARN_SUSPICIOUS_MOVE = YES;
				CLANG_WARN_UNGUARDED_AVAILABILITY = YES_AGGRESSIVE;
				CLANG_WARN_UNREACHABLE_CODE = YES;
				CLANG_WARN__DUPLICATE_METHOD_MATCH = YES;
				CODE_SIGN_IDENTITY = "iPhone Developer";
				COPY_PHASE_STRIP = NO;
				DEBUG_INFORMATION_FORMAT = "dwarf-with-dsym";
				ENABLE_NS_ASSERTIONS = NO;
				ENABLE_STRICT_OBJC_MSGSEND = YES;
				GCC_C_LANGUAGE_STANDARD = gnu11;
				GCC_NO_COMMON_BLOCKS = YES;
				GCC_WARN_64_TO_32_BIT_CONVERSION = YES;
				GCC_WARN_ABOUT_RETURN_TYPE = YES_ERROR;
				GCC_WARN_UNDECLARED_SELECTOR = YES;
				GCC_WARN_UNINITIALIZED_AUTOS = YES_AGGRESSIVE;
				GCC_WARN_UNUSED_FUNCTION = YES;
				GCC_WARN_UNUSED_VARIABLE = YES;
				IPHONEOS_DEPLOYMENT_TARGET = 11.2;
				MTL_ENABLE_DEBUG_INFO = NO;
				SDKROOT = iphoneos;
				SWIFT_OPTIMIZATION_LEVEL = "-Owholemodule";
				VALIDATE_PRODUCT = YES;
			};
			name = Release;
		};
		1A41D5F42054716200A3CD50 /* Debug */ = {
			isa = XCBuildConfiguration;
			buildSettings = {
				ASSETCATALOG_COMPILER_APPICON_NAME = AppIcon;
				CODE_SIGN_STYLE = Automatic;
				DEVELOPMENT_TEAM = K8DV2R8BQ8;
				INFOPLIST_FILE = MasteringTableViews/Info.plist;
				LD_RUNPATH_SEARCH_PATHS = "$(inherited) @executable_path/Frameworks";
				PRODUCT_BUNDLE_IDENTIFIER = com.sadiashraful.MasteringTableViews;
				PRODUCT_NAME = "$(TARGET_NAME)";
				SWIFT_VERSION = 4.0;
				TARGETED_DEVICE_FAMILY = "1,2";
			};
			name = Debug;
		};
		1A41D5F52054716200A3CD50 /* Release */ = {
			isa = XCBuildConfiguration;
			buildSettings = {
				ASSETCATALOG_COMPILER_APPICON_NAME = AppIcon;
				CODE_SIGN_STYLE = Automatic;
				DEVELOPMENT_TEAM = K8DV2R8BQ8;
				INFOPLIST_FILE = MasteringTableViews/Info.plist;
				LD_RUNPATH_SEARCH_PATHS = "$(inherited) @executable_path/Frameworks";
				PRODUCT_BUNDLE_IDENTIFIER = com.sadiashraful.MasteringTableViews;
				PRODUCT_NAME = "$(TARGET_NAME)";
				SWIFT_VERSION = 4.0;
				TARGETED_DEVICE_FAMILY = "1,2";
			};
			name = Release;
		};
		1A41D5F72054716200A3CD50 /* Debug */ = {
			isa = XCBuildConfiguration;
			buildSettings = {
				ALWAYS_EMBED_SWIFT_STANDARD_LIBRARIES = YES;
				BUNDLE_LOADER = "$(TEST_HOST)";
				CODE_SIGN_STYLE = Automatic;
				DEVELOPMENT_TEAM = K8DV2R8BQ8;
				INFOPLIST_FILE = MasteringTableViewsTests/Info.plist;
				LD_RUNPATH_SEARCH_PATHS = "$(inherited) @executable_path/Frameworks @loader_path/Frameworks";
				PRODUCT_BUNDLE_IDENTIFIER = com.sadiashraful.MasteringTableViewsTests;
				PRODUCT_NAME = "$(TARGET_NAME)";
				SWIFT_VERSION = 4.0;
				TARGETED_DEVICE_FAMILY = "1,2";
				TEST_HOST = "$(BUILT_PRODUCTS_DIR)/MasteringTableViews.app/MasteringTableViews";
			};
			name = Debug;
		};
		1A41D5F82054716200A3CD50 /* Release */ = {
			isa = XCBuildConfiguration;
			buildSettings = {
				ALWAYS_EMBED_SWIFT_STANDARD_LIBRARIES = YES;
				BUNDLE_LOADER = "$(TEST_HOST)";
				CODE_SIGN_STYLE = Automatic;
				DEVELOPMENT_TEAM = K8DV2R8BQ8;
				INFOPLIST_FILE = MasteringTableViewsTests/Info.plist;
				LD_RUNPATH_SEARCH_PATHS = "$(inherited) @executable_path/Frameworks @loader_path/Frameworks";
				PRODUCT_BUNDLE_IDENTIFIER = com.sadiashraful.MasteringTableViewsTests;
				PRODUCT_NAME = "$(TARGET_NAME)";
				SWIFT_VERSION = 4.0;
				TARGETED_DEVICE_FAMILY = "1,2";
				TEST_HOST = "$(BUILT_PRODUCTS_DIR)/MasteringTableViews.app/MasteringTableViews";
			};
			name = Release;
		};
		1A41D5FA2054716200A3CD50 /* Debug */ = {
			isa = XCBuildConfiguration;
			buildSettings = {
				ALWAYS_EMBED_SWIFT_STANDARD_LIBRARIES = YES;
				CODE_SIGN_STYLE = Automatic;
				DEVELOPMENT_TEAM = K8DV2R8BQ8;
				INFOPLIST_FILE = MasteringTableViewsUITests/Info.plist;
				LD_RUNPATH_SEARCH_PATHS = "$(inherited) @executable_path/Frameworks @loader_path/Frameworks";
				PRODUCT_BUNDLE_IDENTIFIER = com.sadiashraful.MasteringTableViewsUITests;
				PRODUCT_NAME = "$(TARGET_NAME)";
				SWIFT_VERSION = 4.0;
				TARGETED_DEVICE_FAMILY = "1,2";
				TEST_TARGET_NAME = MasteringTableViews;
			};
			name = Debug;
		};
		1A41D5FB2054716200A3CD50 /* Release */ = {
			isa = XCBuildConfiguration;
			buildSettings = {
				ALWAYS_EMBED_SWIFT_STANDARD_LIBRARIES = YES;
				CODE_SIGN_STYLE = Automatic;
				DEVELOPMENT_TEAM = K8DV2R8BQ8;
				INFOPLIST_FILE = MasteringTableViewsUITests/Info.plist;
				LD_RUNPATH_SEARCH_PATHS = "$(inherited) @executable_path/Frameworks @loader_path/Frameworks";
				PRODUCT_BUNDLE_IDENTIFIER = com.sadiashraful.MasteringTableViewsUITests;
				PRODUCT_NAME = "$(TARGET_NAME)";
				SWIFT_VERSION = 4.0;
				TARGETED_DEVICE_FAMILY = "1,2";
				TEST_TARGET_NAME = MasteringTableViews;
			};
			name = Release;
		};
/* End XCBuildConfiguration section */

/* Begin XCConfigurationList section */
		1A41D5C32054716200A3CD50 /* Build configuration list for PBXProject "MasteringTableViews" */ = {
			isa = XCConfigurationList;
			buildConfigurations = (
				1A41D5F12054716200A3CD50 /* Debug */,
				1A41D5F22054716200A3CD50 /* Release */,
			);
			defaultConfigurationIsVisible = 0;
			defaultConfigurationName = Release;
		};
		1A41D5F32054716200A3CD50 /* Build configuration list for PBXNativeTarget "MasteringTableViews" */ = {
			isa = XCConfigurationList;
			buildConfigurations = (
				1A41D5F42054716200A3CD50 /* Debug */,
				1A41D5F52054716200A3CD50 /* Release */,
			);
			defaultConfigurationIsVisible = 0;
			defaultConfigurationName = Release;
		};
		1A41D5F62054716200A3CD50 /* Build configuration list for PBXNativeTarget "MasteringTableViewsTests" */ = {
			isa = XCConfigurationList;
			buildConfigurations = (
				1A41D5F72054716200A3CD50 /* Debug */,
				1A41D5F82054716200A3CD50 /* Release */,
			);
			defaultConfigurationIsVisible = 0;
			defaultConfigurationName = Release;
		};
		1A41D5F92054716200A3CD50 /* Build configuration list for PBXNativeTarget "MasteringTableViewsUITests" */ = {
			isa = XCConfigurationList;
			buildConfigurations = (
				1A41D5FA2054716200A3CD50 /* Debug */,
				1A41D5FB2054716200A3CD50 /* Release */,
			);
			defaultConfigurationIsVisible = 0;
			defaultConfigurationName = Release;
		};
/* End XCConfigurationList section */

/* Begin XCVersionGroup section */
		1A41D5D22054716200A3CD50 /* MasteringTableViews.xcdatamodeld */ = {
			isa = XCVersionGroup;
			children = (
				1A41D5D32054716200A3CD50 /* MasteringTableViews.xcdatamodel */,
			);
			currentVersion = 1A41D5D32054716200A3CD50 /* MasteringTableViews.xcdatamodel */;
			path = MasteringTableViews.xcdatamodeld;
			sourceTree = "<group>";
			versionGroupType = wrapper.xcdatamodel;
		};
/* End XCVersionGroup section */
	};
	rootObject = 1A41D5C02054716200A3CD50 /* Project object */;
}
