// !$*UTF8*$!
{
	archiveVersion = 1;
	classes = {
	};
	objectVersion = 48;
	objects = {

/* Begin PBXBuildFile section */
		1AD016C8205C649100CAFA07 /* AppDelegate.swift in Sources */ = {isa = PBXBuildFile; fileRef = 1AD016C7205C649100CAFA07 /* AppDelegate.swift */; };
		1AD016CA205C649100CAFA07 /* ViewController.swift in Sources */ = {isa = PBXBuildFile; fileRef = 1AD016C9205C649100CAFA07 /* ViewController.swift */; };
		1AD016CD205C649100CAFA07 /* Main.storyboard in Resources */ = {isa = PBXBuildFile; fileRef = 1AD016CB205C649100CAFA07 /* Main.storyboard */; };
		1AD016D0205C649100CAFA07 /* TodoApplication.xcdatamodeld in Sources */ = {isa = PBXBuildFile; fileRef = 1AD016CE205C649100CAFA07 /* TodoApplication.xcdatamodeld */; };
		1AD016D2205C649100CAFA07 /* Assets.xcassets in Resources */ = {isa = PBXBuildFile; fileRef = 1AD016D1205C649100CAFA07 /* Assets.xcassets */; };
		1AD016D5205C649100CAFA07 /* LaunchScreen.storyboard in Resources */ = {isa = PBXBuildFile; fileRef = 1AD016D3205C649100CAFA07 /* LaunchScreen.storyboard */; };
		1AD016E0205C649100CAFA07 /* TodoApplicationTests.swift in Sources */ = {isa = PBXBuildFile; fileRef = 1AD016DF205C649100CAFA07 /* TodoApplicationTests.swift */; };
		1AD016EB205C649100CAFA07 /* TodoApplicationUITests.swift in Sources */ = {isa = PBXBuildFile; fileRef = 1AD016EA205C649100CAFA07 /* TodoApplicationUITests.swift */; };
/* End PBXBuildFile section */

/* Begin PBXContainerItemProxy section */
		1AD016DC205C649100CAFA07 /* PBXContainerItemProxy */ = {
			isa = PBXContainerItemProxy;
			containerPortal = 1AD016BC205C649100CAFA07 /* Project object */;
			proxyType = 1;
			remoteGlobalIDString = 1AD016C3205C649100CAFA07;
			remoteInfo = TodoApplication;
		};
		1AD016E7205C649100CAFA07 /* PBXContainerItemProxy */ = {
			isa = PBXContainerItemProxy;
			containerPortal = 1AD016BC205C649100CAFA07 /* Project object */;
			proxyType = 1;
			remoteGlobalIDString = 1AD016C3205C649100CAFA07;
			remoteInfo = TodoApplication;
		};
/* End PBXContainerItemProxy section */

/* Begin PBXFileReference section */
		1AD016C4205C649100CAFA07 /* TodoApplication.app */ = {isa = PBXFileReference; explicitFileType = wrapper.application; includeInIndex = 0; path = TodoApplication.app; sourceTree = BUILT_PRODUCTS_DIR; };
		1AD016C7205C649100CAFA07 /* AppDelegate.swift */ = {isa = PBXFileReference; lastKnownFileType = sourcecode.swift; path = AppDelegate.swift; sourceTree = "<group>"; };
		1AD016C9205C649100CAFA07 /* ViewController.swift */ = {isa = PBXFileReference; lastKnownFileType = sourcecode.swift; path = ViewController.swift; sourceTree = "<group>"; };
		1AD016CC205C649100CAFA07 /* Base */ = {isa = PBXFileReference; lastKnownFileType = file.storyboard; name = Base; path = Base.lproj/Main.storyboard; sourceTree = "<group>"; };
		1AD016CF205C649100CAFA07 /* TodoApplication.xcdatamodel */ = {isa = PBXFileReference; lastKnownFileType = wrapper.xcdatamodel; path = TodoApplication.xcdatamodel; sourceTree = "<group>"; };
		1AD016D1205C649100CAFA07 /* Assets.xcassets */ = {isa = PBXFileReference; lastKnownFileType = folder.assetcatalog; path = Assets.xcassets; sourceTree = "<group>"; };
		1AD016D4205C649100CAFA07 /* Base */ = {isa = PBXFileReference; lastKnownFileType = file.storyboard; name = Base; path = Base.lproj/LaunchScreen.storyboard; sourceTree = "<group>"; };
		1AD016D6205C649100CAFA07 /* Info.plist */ = {isa = PBXFileReference; lastKnownFileType = text.plist.xml; path = Info.plist; sourceTree = "<group>"; };
		1AD016DB205C649100CAFA07 /* TodoApplicationTests.xctest */ = {isa = PBXFileReference; explicitFileType = wrapper.cfbundle; includeInIndex = 0; path = TodoApplicationTests.xctest; sourceTree = BUILT_PRODUCTS_DIR; };
		1AD016DF205C649100CAFA07 /* TodoApplicationTests.swift */ = {isa = PBXFileReference; lastKnownFileType = sourcecode.swift; path = TodoApplicationTests.swift; sourceTree = "<group>"; };
		1AD016E1205C649100CAFA07 /* Info.plist */ = {isa = PBXFileReference; lastKnownFileType = text.plist.xml; path = Info.plist; sourceTree = "<group>"; };
		1AD016E6205C649100CAFA07 /* TodoApplicationUITests.xctest */ = {isa = PBXFileReference; explicitFileType = wrapper.cfbundle; includeInIndex = 0; path = TodoApplicationUITests.xctest; sourceTree = BUILT_PRODUCTS_DIR; };
		1AD016EA205C649100CAFA07 /* TodoApplicationUITests.swift */ = {isa = PBXFileReference; lastKnownFileType = sourcecode.swift; path = TodoApplicationUITests.swift; sourceTree = "<group>"; };
		1AD016EC205C649100CAFA07 /* Info.plist */ = {isa = PBXFileReference; lastKnownFileType = text.plist.xml; path = Info.plist; sourceTree = "<group>"; };
/* End PBXFileReference section */

/* Begin PBXFrameworksBuildPhase section */
		1AD016C1205C649100CAFA07 /* Frameworks */ = {
			isa = PBXFrameworksBuildPhase;
			buildActionMask = 2147483647;
			files = (
			);
			runOnlyForDeploymentPostprocessing = 0;
		};
		1AD016D8205C649100CAFA07 /* Frameworks */ = {
			isa = PBXFrameworksBuildPhase;
			buildActionMask = 2147483647;
			files = (
			);
			runOnlyForDeploymentPostprocessing = 0;
		};
		1AD016E3205C649100CAFA07 /* Frameworks */ = {
			isa = PBXFrameworksBuildPhase;
			buildActionMask = 2147483647;
			files = (
			);
			runOnlyForDeploymentPostprocessing = 0;
		};
/* End PBXFrameworksBuildPhase section */

/* Begin PBXGroup section */
		1AD016BB205C649100CAFA07 = {
			isa = PBXGroup;
			children = (
				1AD016C6205C649100CAFA07 /* TodoApplication */,
				1AD016DE205C649100CAFA07 /* TodoApplicationTests */,
				1AD016E9205C649100CAFA07 /* TodoApplicationUITests */,
				1AD016C5205C649100CAFA07 /* Products */,
			);
			sourceTree = "<group>";
		};
		1AD016C5205C649100CAFA07 /* Products */ = {
			isa = PBXGroup;
			children = (
				1AD016C4205C649100CAFA07 /* TodoApplication.app */,
				1AD016DB205C649100CAFA07 /* TodoApplicationTests.xctest */,
				1AD016E6205C649100CAFA07 /* TodoApplicationUITests.xctest */,
			);
			name = Products;
			sourceTree = "<group>";
		};
		1AD016C6205C649100CAFA07 /* TodoApplication */ = {
			isa = PBXGroup;
			children = (
				1AD016C7205C649100CAFA07 /* AppDelegate.swift */,
				1AD016C9205C649100CAFA07 /* ViewController.swift */,
				1AD016CB205C649100CAFA07 /* Main.storyboard */,
				1AD016D1205C649100CAFA07 /* Assets.xcassets */,
				1AD016D3205C649100CAFA07 /* LaunchScreen.storyboard */,
				1AD016D6205C649100CAFA07 /* Info.plist */,
				1AD016CE205C649100CAFA07 /* TodoApplication.xcdatamodeld */,
			);
			path = TodoApplication;
			sourceTree = "<group>";
		};
		1AD016DE205C649100CAFA07 /* TodoApplicationTests */ = {
			isa = PBXGroup;
			children = (
				1AD016DF205C649100CAFA07 /* TodoApplicationTests.swift */,
				1AD016E1205C649100CAFA07 /* Info.plist */,
			);
			path = TodoApplicationTests;
			sourceTree = "<group>";
		};
		1AD016E9205C649100CAFA07 /* TodoApplicationUITests */ = {
			isa = PBXGroup;
			children = (
				1AD016EA205C649100CAFA07 /* TodoApplicationUITests.swift */,
				1AD016EC205C649100CAFA07 /* Info.plist */,
			);
			path = TodoApplicationUITests;
			sourceTree = "<group>";
		};
/* End PBXGroup section */

/* Begin PBXNativeTarget section */
		1AD016C3205C649100CAFA07 /* TodoApplication */ = {
			isa = PBXNativeTarget;
			buildConfigurationList = 1AD016EF205C649100CAFA07 /* Build configuration list for PBXNativeTarget "TodoApplication" */;
			buildPhases = (
				1AD016C0205C649100CAFA07 /* Sources */,
				1AD016C1205C649100CAFA07 /* Frameworks */,
				1AD016C2205C649100CAFA07 /* Resources */,
			);
			buildRules = (
			);
			dependencies = (
			);
			name = TodoApplication;
			productName = TodoApplication;
			productReference = 1AD016C4205C649100CAFA07 /* TodoApplication.app */;
			productType = "com.apple.product-type.application";
		};
		1AD016DA205C649100CAFA07 /* TodoApplicationTests */ = {
			isa = PBXNativeTarget;
			buildConfigurationList = 1AD016F2205C649100CAFA07 /* Build configuration list for PBXNativeTarget "TodoApplicationTests" */;
			buildPhases = (
				1AD016D7205C649100CAFA07 /* Sources */,
				1AD016D8205C649100CAFA07 /* Frameworks */,
				1AD016D9205C649100CAFA07 /* Resources */,
			);
			buildRules = (
			);
			dependencies = (
				1AD016DD205C649100CAFA07 /* PBXTargetDependency */,
			);
			name = TodoApplicationTests;
			productName = TodoApplicationTests;
			productReference = 1AD016DB205C649100CAFA07 /* TodoApplicationTests.xctest */;
			productType = "com.apple.product-type.bundle.unit-test";
		};
		1AD016E5205C649100CAFA07 /* TodoApplicationUITests */ = {
			isa = PBXNativeTarget;
			buildConfigurationList = 1AD016F5205C649100CAFA07 /* Build configuration list for PBXNativeTarget "TodoApplicationUITests" */;
			buildPhases = (
				1AD016E2205C649100CAFA07 /* Sources */,
				1AD016E3205C649100CAFA07 /* Frameworks */,
				1AD016E4205C649100CAFA07 /* Resources */,
			);
			buildRules = (
			);
			dependencies = (
				1AD016E8205C649100CAFA07 /* PBXTargetDependency */,
			);
			name = TodoApplicationUITests;
			productName = TodoApplicationUITests;
			productReference = 1AD016E6205C649100CAFA07 /* TodoApplicationUITests.xctest */;
			productType = "com.apple.product-type.bundle.ui-testing";
		};
/* End PBXNativeTarget section */

/* Begin PBXProject section */
		1AD016BC205C649100CAFA07 /* Project object */ = {
			isa = PBXProject;
			attributes = {
				LastSwiftUpdateCheck = 0920;
				LastUpgradeCheck = 0920;
				ORGANIZATIONNAME = "Sadi Ashraful";
				TargetAttributes = {
					1AD016C3205C649100CAFA07 = {
						CreatedOnToolsVersion = 9.2;
						ProvisioningStyle = Automatic;
					};
					1AD016DA205C649100CAFA07 = {
						CreatedOnToolsVersion = 9.2;
						ProvisioningStyle = Automatic;
						TestTargetID = 1AD016C3205C649100CAFA07;
					};
					1AD016E5205C649100CAFA07 = {
						CreatedOnToolsVersion = 9.2;
						ProvisioningStyle = Automatic;
						TestTargetID = 1AD016C3205C649100CAFA07;
					};
				};
			};
			buildConfigurationList = 1AD016BF205C649100CAFA07 /* Build configuration list for PBXProject "TodoApplication" */;
			compatibilityVersion = "Xcode 8.0";
			developmentRegion = en;
			hasScannedForEncodings = 0;
			knownRegions = (
				en,
				Base,
			);
			mainGroup = 1AD016BB205C649100CAFA07;
			productRefGroup = 1AD016C5205C649100CAFA07 /* Products */;
			projectDirPath = "";
			projectRoot = "";
			targets = (
				1AD016C3205C649100CAFA07 /* TodoApplication */,
				1AD016DA205C649100CAFA07 /* TodoApplicationTests */,
				1AD016E5205C649100CAFA07 /* TodoApplicationUITests */,
			);
		};
/* End PBXProject section */

/* Begin PBXResourcesBuildPhase section */
		1AD016C2205C649100CAFA07 /* Resources */ = {
			isa = PBXResourcesBuildPhase;
			buildActionMask = 2147483647;
			files = (
				1AD016D5205C649100CAFA07 /* LaunchScreen.storyboard in Resources */,
				1AD016D2205C649100CAFA07 /* Assets.xcassets in Resources */,
				1AD016CD205C649100CAFA07 /* Main.storyboard in Resources */,
			);
			runOnlyForDeploymentPostprocessing = 0;
		};
		1AD016D9205C649100CAFA07 /* Resources */ = {
			isa = PBXResourcesBuildPhase;
			buildActionMask = 2147483647;
			files = (
			);
			runOnlyForDeploymentPostprocessing = 0;
		};
		1AD016E4205C649100CAFA07 /* Resources */ = {
			isa = PBXResourcesBuildPhase;
			buildActionMask = 2147483647;
			files = (
			);
			runOnlyForDeploymentPostprocessing = 0;
		};
/* End PBXResourcesBuildPhase section */

/* Begin PBXSourcesBuildPhase section */
		1AD016C0205C649100CAFA07 /* Sources */ = {
			isa = PBXSourcesBuildPhase;
			buildActionMask = 2147483647;
			files = (
				1AD016D0205C649100CAFA07 /* TodoApplication.xcdatamodeld in Sources */,
				1AD016CA205C649100CAFA07 /* ViewController.swift in Sources */,
				1AD016C8205C649100CAFA07 /* AppDelegate.swift in Sources */,
			);
			runOnlyForDeploymentPostprocessing = 0;
		};
		1AD016D7205C649100CAFA07 /* Sources */ = {
			isa = PBXSourcesBuildPhase;
			buildActionMask = 2147483647;
			files = (
				1AD016E0205C649100CAFA07 /* TodoApplicationTests.swift in Sources */,
			);
			runOnlyForDeploymentPostprocessing = 0;
		};
		1AD016E2205C649100CAFA07 /* Sources */ = {
			isa = PBXSourcesBuildPhase;
			buildActionMask = 2147483647;
			files = (
				1AD016EB205C649100CAFA07 /* TodoApplicationUITests.swift in Sources */,
			);
			runOnlyForDeploymentPostprocessing = 0;
		};
/* End PBXSourcesBuildPhase section */

/* Begin PBXTargetDependency section */
		1AD016DD205C649100CAFA07 /* PBXTargetDependency */ = {
			isa = PBXTargetDependency;
			target = 1AD016C3205C649100CAFA07 /* TodoApplication */;
			targetProxy = 1AD016DC205C649100CAFA07 /* PBXContainerItemProxy */;
		};
		1AD016E8205C649100CAFA07 /* PBXTargetDependency */ = {
			isa = PBXTargetDependency;
			target = 1AD016C3205C649100CAFA07 /* TodoApplication */;
			targetProxy = 1AD016E7205C649100CAFA07 /* PBXContainerItemProxy */;
		};
/* End PBXTargetDependency section */

/* Begin PBXVariantGroup section */
		1AD016CB205C649100CAFA07 /* Main.storyboard */ = {
			isa = PBXVariantGroup;
			children = (
				1AD016CC205C649100CAFA07 /* Base */,
			);
			name = Main.storyboard;
			sourceTree = "<group>";
		};
		1AD016D3205C649100CAFA07 /* LaunchScreen.storyboard */ = {
			isa = PBXVariantGroup;
			children = (
				1AD016D4205C649100CAFA07 /* Base */,
			);
			name = LaunchScreen.storyboard;
			sourceTree = "<group>";
		};
/* End PBXVariantGroup section */

/* Begin XCBuildConfiguration section */
		1AD016ED205C649100CAFA07 /* Debug */ = {
			isa = XCBuildConfiguration;
			buildSettings = {
				ALWAYS_SEARCH_USER_PATHS = NO;
				CLANG_ANALYZER_NONNULL = YES;
				CLANG_ANALYZER_NUMBER_OBJECT_CONVERSION = YES_AGGRESSIVE;
				CLANG_CXX_LANGUAGE_STANDARD = "gnu++14";
				CLANG_CXX_LIBRARY = "libc++";
				CLANG_ENABLE_MODULES = YES;
				CLANG_ENABLE_OBJC_ARC = YES;
				CLANG_WARN_BLOCK_CAPTURE_AUTORELEASING = YES;
				CLANG_WARN_BOOL_CONVERSION = YES;
				CLANG_WARN_COMMA = YES;
				CLANG_WARN_CONSTANT_CONVERSION = YES;
				CLANG_WARN_DIRECT_OBJC_ISA_USAGE = YES_ERROR;
				CLANG_WARN_DOCUMENTATION_COMMENTS = YES;
				CLANG_WARN_EMPTY_BODY = YES;
				CLANG_WARN_ENUM_CONVERSION = YES;
				CLANG_WARN_INFINITE_RECURSION = YES;
				CLANG_WARN_INT_CONVERSION = YES;
				CLANG_WARN_NON_LITERAL_NULL_CONVERSION = YES;
				CLANG_WARN_OBJC_LITERAL_CONVERSION = YES;
				CLANG_WARN_OBJC_ROOT_CLASS = YES_ERROR;
				CLANG_WARN_RANGE_LOOP_ANALYSIS = YES;
				CLANG_WARN_STRICT_PROTOTYPES = YES;
				CLANG_WARN_SUSPICIOUS_MOVE = YES;
				CLANG_WARN_UNGUARDED_AVAILABILITY = YES_AGGRESSIVE;
				CLANG_WARN_UNREACHABLE_CODE = YES;
				CLANG_WARN__DUPLICATE_METHOD_MATCH = YES;
				CODE_SIGN_IDENTITY = "iPhone Developer";
				COPY_PHASE_STRIP = NO;
				DEBUG_INFORMATION_FORMAT = dwarf;
				ENABLE_STRICT_OBJC_MSGSEND = YES;
				ENABLE_TESTABILITY = YES;
				GCC_C_LANGUAGE_STANDARD = gnu11;
				GCC_DYNAMIC_NO_PIC = NO;
				GCC_NO_COMMON_BLOCKS = YES;
				GCC_OPTIMIZATION_LEVEL = 0;
				GCC_PREPROCESSOR_DEFINITIONS = (
					"DEBUG=1",
					"$(inherited)",
				);
				GCC_WARN_64_TO_32_BIT_CONVERSION = YES;
				GCC_WARN_ABOUT_RETURN_TYPE = YES_ERROR;
				GCC_WARN_UNDECLARED_SELECTOR = YES;
				GCC_WARN_UNINITIALIZED_AUTOS = YES_AGGRESSIVE;
				GCC_WARN_UNUSED_FUNCTION = YES;
				GCC_WARN_UNUSED_VARIABLE = YES;
				IPHONEOS_DEPLOYMENT_TARGET = 11.2;
				MTL_ENABLE_DEBUG_INFO = YES;
				ONLY_ACTIVE_ARCH = YES;
				SDKROOT = iphoneos;
				SWIFT_ACTIVE_COMPILATION_CONDITIONS = DEBUG;
				SWIFT_OPTIMIZATION_LEVEL = "-Onone";
			};
			name = Debug;
		};
		1AD016EE205C649100CAFA07 /* Release */ = {
			isa = XCBuildConfiguration;
			buildSettings = {
				ALWAYS_SEARCH_USER_PATHS = NO;
				CLANG_ANALYZER_NONNULL = YES;
				CLANG_ANALYZER_NUMBER_OBJECT_CONVERSION = YES_AGGRESSIVE;
				CLANG_CXX_LANGUAGE_STANDARD = "gnu++14";
				CLANG_CXX_LIBRARY = "libc++";
				CLANG_ENABLE_MODULES = YES;
				CLANG_ENABLE_OBJC_ARC = YES;
				CLANG_WARN_BLOCK_CAPTURE_AUTORELEASING = YES;
				CLANG_WARN_BOOL_CONVERSION = YES;
				CLANG_WARN_COMMA = YES;
				CLANG_WARN_CONSTANT_CONVERSION = YES;
				CLANG_WARN_DIRECT_OBJC_ISA_USAGE = YES_ERROR;
				CLANG_WARN_DOCUMENTATION_COMMENTS = YES;
				CLANG_WARN_EMPTY_BODY = YES;
				CLANG_WARN_ENUM_CONVERSION = YES;
				CLANG_WARN_INFINITE_RECURSION = YES;
				CLANG_WARN_INT_CONVERSION = YES;
				CLANG_WARN_NON_LITERAL_NULL_CONVERSION = YES;
				CLANG_WARN_OBJC_LITERAL_CONVERSION = YES;
				CLANG_WARN_OBJC_ROOT_CLASS = YES_ERROR;
				CLANG_WARN_RANGE_LOOP_ANALYSIS = YES;
				CLANG_WARN_STRICT_PROTOTYPES = YES;
				CLANG_WARN_SUSPICIOUS_MOVE = YES;
				CLANG_WARN_UNGUARDED_AVAILABILITY = YES_AGGRESSIVE;
				CLANG_WARN_UNREACHABLE_CODE = YES;
				CLANG_WARN__DUPLICATE_METHOD_MATCH = YES;
				CODE_SIGN_IDENTITY = "iPhone Developer";
				COPY_PHASE_STRIP = NO;
				DEBUG_INFORMATION_FORMAT = "dwarf-with-dsym";
				ENABLE_NS_ASSERTIONS = NO;
				ENABLE_STRICT_OBJC_MSGSEND = YES;
				GCC_C_LANGUAGE_STANDARD = gnu11;
				GCC_NO_COMMON_BLOCKS = YES;
				GCC_WARN_64_TO_32_BIT_CONVERSION = YES;
				GCC_WARN_ABOUT_RETURN_TYPE = YES_ERROR;
				GCC_WARN_UNDECLARED_SELECTOR = YES;
				GCC_WARN_UNINITIALIZED_AUTOS = YES_AGGRESSIVE;
				GCC_WARN_UNUSED_FUNCTION = YES;
				GCC_WARN_UNUSED_VARIABLE = YES;
				IPHONEOS_DEPLOYMENT_TARGET = 11.2;
				MTL_ENABLE_DEBUG_INFO = NO;
				SDKROOT = iphoneos;
				SWIFT_OPTIMIZATION_LEVEL = "-Owholemodule";
				VALIDATE_PRODUCT = YES;
			};
			name = Release;
		};
		1AD016F0205C649100CAFA07 /* Debug */ = {
			isa = XCBuildConfiguration;
			buildSettings = {
				ASSETCATALOG_COMPILER_APPICON_NAME = AppIcon;
				CODE_SIGN_STYLE = Automatic;
				DEVELOPMENT_TEAM = K8DV2R8BQ8;
				INFOPLIST_FILE = TodoApplication/Info.plist;
				LD_RUNPATH_SEARCH_PATHS = "$(inherited) @executable_path/Frameworks";
				PRODUCT_BUNDLE_IDENTIFIER = com.sadiashraful.TodoApplication;
				PRODUCT_NAME = "$(TARGET_NAME)";
				SWIFT_VERSION = 4.0;
				TARGETED_DEVICE_FAMILY = "1,2";
			};
			name = Debug;
		};
		1AD016F1205C649100CAFA07 /* Release */ = {
			isa = XCBuildConfiguration;
			buildSettings = {
				ASSETCATALOG_COMPILER_APPICON_NAME = AppIcon;
				CODE_SIGN_STYLE = Automatic;
				DEVELOPMENT_TEAM = K8DV2R8BQ8;
				INFOPLIST_FILE = TodoApplication/Info.plist;
				LD_RUNPATH_SEARCH_PATHS = "$(inherited) @executable_path/Frameworks";
				PRODUCT_BUNDLE_IDENTIFIER = com.sadiashraful.TodoApplication;
				PRODUCT_NAME = "$(TARGET_NAME)";
				SWIFT_VERSION = 4.0;
				TARGETED_DEVICE_FAMILY = "1,2";
			};
			name = Release;
		};
		1AD016F3205C649100CAFA07 /* Debug */ = {
			isa = XCBuildConfiguration;
			buildSettings = {
				ALWAYS_EMBED_SWIFT_STANDARD_LIBRARIES = YES;
				BUNDLE_LOADER = "$(TEST_HOST)";
				CODE_SIGN_STYLE = Automatic;
				DEVELOPMENT_TEAM = K8DV2R8BQ8;
				INFOPLIST_FILE = TodoApplicationTests/Info.plist;
				LD_RUNPATH_SEARCH_PATHS = "$(inherited) @executable_path/Frameworks @loader_path/Frameworks";
				PRODUCT_BUNDLE_IDENTIFIER = com.sadiashraful.TodoApplicationTests;
				PRODUCT_NAME = "$(TARGET_NAME)";
				SWIFT_VERSION = 4.0;
				TARGETED_DEVICE_FAMILY = "1,2";
				TEST_HOST = "$(BUILT_PRODUCTS_DIR)/TodoApplication.app/TodoApplication";
			};
			name = Debug;
		};
		1AD016F4205C649100CAFA07 /* Release */ = {
			isa = XCBuildConfiguration;
			buildSettings = {
				ALWAYS_EMBED_SWIFT_STANDARD_LIBRARIES = YES;
				BUNDLE_LOADER = "$(TEST_HOST)";
				CODE_SIGN_STYLE = Automatic;
				DEVELOPMENT_TEAM = K8DV2R8BQ8;
				INFOPLIST_FILE = TodoApplicationTests/Info.plist;
				LD_RUNPATH_SEARCH_PATHS = "$(inherited) @executable_path/Frameworks @loader_path/Frameworks";
				PRODUCT_BUNDLE_IDENTIFIER = com.sadiashraful.TodoApplicationTests;
				PRODUCT_NAME = "$(TARGET_NAME)";
				SWIFT_VERSION = 4.0;
				TARGETED_DEVICE_FAMILY = "1,2";
				TEST_HOST = "$(BUILT_PRODUCTS_DIR)/TodoApplication.app/TodoApplication";
			};
			name = Release;
		};
		1AD016F6205C649100CAFA07 /* Debug */ = {
			isa = XCBuildConfiguration;
			buildSettings = {
				ALWAYS_EMBED_SWIFT_STANDARD_LIBRARIES = YES;
				CODE_SIGN_STYLE = Automatic;
				DEVELOPMENT_TEAM = K8DV2R8BQ8;
				INFOPLIST_FILE = TodoApplicationUITests/Info.plist;
				LD_RUNPATH_SEARCH_PATHS = "$(inherited) @executable_path/Frameworks @loader_path/Frameworks";
				PRODUCT_BUNDLE_IDENTIFIER = com.sadiashraful.TodoApplicationUITests;
				PRODUCT_NAME = "$(TARGET_NAME)";
				SWIFT_VERSION = 4.0;
				TARGETED_DEVICE_FAMILY = "1,2";
				TEST_TARGET_NAME = TodoApplication;
			};
			name = Debug;
		};
		1AD016F7205C649100CAFA07 /* Release */ = {
			isa = XCBuildConfiguration;
			buildSettings = {
				ALWAYS_EMBED_SWIFT_STANDARD_LIBRARIES = YES;
				CODE_SIGN_STYLE = Automatic;
				DEVELOPMENT_TEAM = K8DV2R8BQ8;
				INFOPLIST_FILE = TodoApplicationUITests/Info.plist;
				LD_RUNPATH_SEARCH_PATHS = "$(inherited) @executable_path/Frameworks @loader_path/Frameworks";
				PRODUCT_BUNDLE_IDENTIFIER = com.sadiashraful.TodoApplicationUITests;
				PRODUCT_NAME = "$(TARGET_NAME)";
				SWIFT_VERSION = 4.0;
				TARGETED_DEVICE_FAMILY = "1,2";
				TEST_TARGET_NAME = TodoApplication;
			};
			name = Release;
		};
/* End XCBuildConfiguration section */

/* Begin XCConfigurationList section */
		1AD016BF205C649100CAFA07 /* Build configuration list for PBXProject "TodoApplication" */ = {
			isa = XCConfigurationList;
			buildConfigurations = (
				1AD016ED205C649100CAFA07 /* Debug */,
				1AD016EE205C649100CAFA07 /* Release */,
			);
			defaultConfigurationIsVisible = 0;
			defaultConfigurationName = Release;
		};
		1AD016EF205C649100CAFA07 /* Build configuration list for PBXNativeTarget "TodoApplication" */ = {
			isa = XCConfigurationList;
			buildConfigurations = (
				1AD016F0205C649100CAFA07 /* Debug */,
				1AD016F1205C649100CAFA07 /* Release */,
			);
			defaultConfigurationIsVisible = 0;
			defaultConfigurationName = Release;
		};
		1AD016F2205C649100CAFA07 /* Build configuration list for PBXNativeTarget "TodoApplicationTests" */ = {
			isa = XCConfigurationList;
			buildConfigurations = (
				1AD016F3205C649100CAFA07 /* Debug */,
				1AD016F4205C649100CAFA07 /* Release */,
			);
			defaultConfigurationIsVisible = 0;
			defaultConfigurationName = Release;
		};
		1AD016F5205C649100CAFA07 /* Build configuration list for PBXNativeTarget "TodoApplicationUITests" */ = {
			isa = XCConfigurationList;
			buildConfigurations = (
				1AD016F6205C649100CAFA07 /* Debug */,
				1AD016F7205C649100CAFA07 /* Release */,
			);
			defaultConfigurationIsVisible = 0;
			defaultConfigurationName = Release;
		};
/* End XCConfigurationList section */

/* Begin XCVersionGroup section */
		1AD016CE205C649100CAFA07 /* TodoApplication.xcdatamodeld */ = {
			isa = XCVersionGroup;
			children = (
				1AD016CF205C649100CAFA07 /* TodoApplication.xcdatamodel */,
			);
			currentVersion = 1AD016CF205C649100CAFA07 /* TodoApplication.xcdatamodel */;
			path = TodoApplication.xcdatamodeld;
			sourceTree = "<group>";
			versionGroupType = wrapper.xcdatamodel;
		};
/* End XCVersionGroup section */
	};
	rootObject = 1AD016BC205C649100CAFA07 /* Project object */;
}
